// !$*UTF8*$!
{
	archiveVersion = 1;
	classes = {
	};
	objectVersion = 50;
	objects = {

/* Begin PBXBuildFile section */
		C439293E231DBC6600B9AFF9 /* AppDelegate.swift in Sources */ = {isa = PBXBuildFile; fileRef = C439293D231DBC6600B9AFF9 /* AppDelegate.swift */; };
		C4392940231DBC6600B9AFF9 /* ViewController.swift in Sources */ = {isa = PBXBuildFile; fileRef = C439293F231DBC6600B9AFF9 /* ViewController.swift */; };
		C4392943231DBC6600B9AFF9 /* Main.storyboard in Resources */ = {isa = PBXBuildFile; fileRef = C4392941231DBC6600B9AFF9 /* Main.storyboard */; };
		C4392945231DBC6700B9AFF9 /* Assets.xcassets in Resources */ = {isa = PBXBuildFile; fileRef = C4392944231DBC6700B9AFF9 /* Assets.xcassets */; };
		C4392948231DBC6700B9AFF9 /* LaunchScreen.storyboard in Resources */ = {isa = PBXBuildFile; fileRef = C4392946231DBC6700B9AFF9 /* LaunchScreen.storyboard */; };
		C4392953231DBC6700B9AFF9 /* CarRepairTests.swift in Sources */ = {isa = PBXBuildFile; fileRef = C4392952231DBC6700B9AFF9 /* CarRepairTests.swift */; };
		C439296B231F006B00B9AFF9 /* CarRepair.swift in Sources */ = {isa = PBXBuildFile; fileRef = C439296A231F006B00B9AFF9 /* CarRepair.swift */; };
		C439296D231F0B4700B9AFF9 /* Photo.swift in Sources */ = {isa = PBXBuildFile; fileRef = C439296C231F0B4700B9AFF9 /* Photo.swift */; };
		C439296F231F0B6700B9AFF9 /* CarRepairResponse.swift in Sources */ = {isa = PBXBuildFile; fileRef = C439296E231F0B6700B9AFF9 /* CarRepairResponse.swift */; };
		C4392971231F0F9300B9AFF9 /* CarRepairDetail.swift in Sources */ = {isa = PBXBuildFile; fileRef = C4392970231F0F9300B9AFF9 /* CarRepairDetail.swift */; };
		C4392973231F108700B9AFF9 /* CarRepairDetailResponse.swift in Sources */ = {isa = PBXBuildFile; fileRef = C4392972231F108700B9AFF9 /* CarRepairDetailResponse.swift */; };
		C4392979231F187100B9AFF9 /* Error.swift in Sources */ = {isa = PBXBuildFile; fileRef = C4392978231F187100B9AFF9 /* Error.swift */; };
		C439297B231F189C00B9AFF9 /* Result.swift in Sources */ = {isa = PBXBuildFile; fileRef = C439297A231F189C00B9AFF9 /* Result.swift */; };
		C439297D231F18E000B9AFF9 /* HTTPMethod.swift in Sources */ = {isa = PBXBuildFile; fileRef = C439297C231F18E000B9AFF9 /* HTTPMethod.swift */; };
		C439297F231F197C00B9AFF9 /* EndPointType.swift in Sources */ = {isa = PBXBuildFile; fileRef = C439297E231F197C00B9AFF9 /* EndPointType.swift */; };
		C4392981231F19AF00B9AFF9 /* HTTPTask.swift in Sources */ = {isa = PBXBuildFile; fileRef = C4392980231F19AF00B9AFF9 /* HTTPTask.swift */; };
		C4392984231F1B6800B9AFF9 /* ParameterEncoding.swift in Sources */ = {isa = PBXBuildFile; fileRef = C4392983231F1B6800B9AFF9 /* ParameterEncoding.swift */; };
		C4392986231F1BDF00B9AFF9 /* URLParameterEncoder.swift in Sources */ = {isa = PBXBuildFile; fileRef = C4392985231F1BDF00B9AFF9 /* URLParameterEncoder.swift */; };
/* End PBXBuildFile section */

/* Begin PBXContainerItemProxy section */
		C439294F231DBC6700B9AFF9 /* PBXContainerItemProxy */ = {
			isa = PBXContainerItemProxy;
			containerPortal = C4392932231DBC6600B9AFF9 /* Project object */;
			proxyType = 1;
			remoteGlobalIDString = C4392939231DBC6600B9AFF9;
			remoteInfo = CarRepair;
		};
/* End PBXContainerItemProxy section */

/* Begin PBXFileReference section */
		C439293A231DBC6600B9AFF9 /* CarRepair.app */ = {isa = PBXFileReference; explicitFileType = wrapper.application; includeInIndex = 0; path = CarRepair.app; sourceTree = BUILT_PRODUCTS_DIR; };
		C439293D231DBC6600B9AFF9 /* AppDelegate.swift */ = {isa = PBXFileReference; lastKnownFileType = sourcecode.swift; path = AppDelegate.swift; sourceTree = "<group>"; };
		C439293F231DBC6600B9AFF9 /* ViewController.swift */ = {isa = PBXFileReference; lastKnownFileType = sourcecode.swift; path = ViewController.swift; sourceTree = "<group>"; };
		C4392942231DBC6600B9AFF9 /* Base */ = {isa = PBXFileReference; lastKnownFileType = file.storyboard; name = Base; path = Base.lproj/Main.storyboard; sourceTree = "<group>"; };
		C4392944231DBC6700B9AFF9 /* Assets.xcassets */ = {isa = PBXFileReference; lastKnownFileType = folder.assetcatalog; path = Assets.xcassets; sourceTree = "<group>"; };
		C4392947231DBC6700B9AFF9 /* Base */ = {isa = PBXFileReference; lastKnownFileType = file.storyboard; name = Base; path = Base.lproj/LaunchScreen.storyboard; sourceTree = "<group>"; };
		C4392949231DBC6700B9AFF9 /* Info.plist */ = {isa = PBXFileReference; lastKnownFileType = text.plist.xml; path = Info.plist; sourceTree = "<group>"; };
		C439294E231DBC6700B9AFF9 /* CarRepairTests.xctest */ = {isa = PBXFileReference; explicitFileType = wrapper.cfbundle; includeInIndex = 0; path = CarRepairTests.xctest; sourceTree = BUILT_PRODUCTS_DIR; };
		C4392952231DBC6700B9AFF9 /* CarRepairTests.swift */ = {isa = PBXFileReference; lastKnownFileType = sourcecode.swift; path = CarRepairTests.swift; sourceTree = "<group>"; };
		C4392954231DBC6700B9AFF9 /* Info.plist */ = {isa = PBXFileReference; lastKnownFileType = text.plist.xml; path = Info.plist; sourceTree = "<group>"; };
		C439296A231F006B00B9AFF9 /* CarRepair.swift */ = {isa = PBXFileReference; lastKnownFileType = sourcecode.swift; path = CarRepair.swift; sourceTree = "<group>"; };
		C439296C231F0B4700B9AFF9 /* Photo.swift */ = {isa = PBXFileReference; lastKnownFileType = sourcecode.swift; path = Photo.swift; sourceTree = "<group>"; };
		C439296E231F0B6700B9AFF9 /* CarRepairResponse.swift */ = {isa = PBXFileReference; lastKnownFileType = sourcecode.swift; path = CarRepairResponse.swift; sourceTree = "<group>"; };
		C4392970231F0F9300B9AFF9 /* CarRepairDetail.swift */ = {isa = PBXFileReference; lastKnownFileType = sourcecode.swift; path = CarRepairDetail.swift; sourceTree = "<group>"; };
		C4392972231F108700B9AFF9 /* CarRepairDetailResponse.swift */ = {isa = PBXFileReference; lastKnownFileType = sourcecode.swift; path = CarRepairDetailResponse.swift; sourceTree = "<group>"; };
		C4392978231F187100B9AFF9 /* Error.swift */ = {isa = PBXFileReference; lastKnownFileType = sourcecode.swift; path = Error.swift; sourceTree = "<group>"; };
		C439297A231F189C00B9AFF9 /* Result.swift */ = {isa = PBXFileReference; lastKnownFileType = sourcecode.swift; path = Result.swift; sourceTree = "<group>"; };
		C439297C231F18E000B9AFF9 /* HTTPMethod.swift */ = {isa = PBXFileReference; lastKnownFileType = sourcecode.swift; path = HTTPMethod.swift; sourceTree = "<group>"; };
		C439297E231F197C00B9AFF9 /* EndPointType.swift */ = {isa = PBXFileReference; lastKnownFileType = sourcecode.swift; path = EndPointType.swift; sourceTree = "<group>"; };
		C4392980231F19AF00B9AFF9 /* HTTPTask.swift */ = {isa = PBXFileReference; lastKnownFileType = sourcecode.swift; path = HTTPTask.swift; sourceTree = "<group>"; };
		C4392983231F1B6800B9AFF9 /* ParameterEncoding.swift */ = {isa = PBXFileReference; lastKnownFileType = sourcecode.swift; path = ParameterEncoding.swift; sourceTree = "<group>"; };
		C4392985231F1BDF00B9AFF9 /* URLParameterEncoder.swift */ = {isa = PBXFileReference; lastKnownFileType = sourcecode.swift; path = URLParameterEncoder.swift; sourceTree = "<group>"; };
/* End PBXFileReference section */

/* Begin PBXFrameworksBuildPhase section */
		C4392937231DBC6600B9AFF9 /* Frameworks */ = {
			isa = PBXFrameworksBuildPhase;
			buildActionMask = 2147483647;
			files = (
			);
			runOnlyForDeploymentPostprocessing = 0;
		};
		C439294B231DBC6700B9AFF9 /* Frameworks */ = {
			isa = PBXFrameworksBuildPhase;
			buildActionMask = 2147483647;
			files = (
			);
			runOnlyForDeploymentPostprocessing = 0;
		};
/* End PBXFrameworksBuildPhase section */

/* Begin PBXGroup section */
		C4392931231DBC6600B9AFF9 = {
			isa = PBXGroup;
			children = (
				C439293C231DBC6600B9AFF9 /* CarRepair */,
				C4392951231DBC6700B9AFF9 /* CarRepairTests */,
				C439293B231DBC6600B9AFF9 /* Products */,
			);
			sourceTree = "<group>";
		};
		C439293B231DBC6600B9AFF9 /* Products */ = {
			isa = PBXGroup;
			children = (
				C439293A231DBC6600B9AFF9 /* CarRepair.app */,
				C439294E231DBC6700B9AFF9 /* CarRepairTests.xctest */,
			);
			name = Products;
			sourceTree = "<group>";
		};
		C439293C231DBC6600B9AFF9 /* CarRepair */ = {
			isa = PBXGroup;
			children = (
				C439295D231EFE5900B9AFF9 /* Features */,
				C439293D231DBC6600B9AFF9 /* AppDelegate.swift */,
				C439293F231DBC6600B9AFF9 /* ViewController.swift */,
				C4392941231DBC6600B9AFF9 /* Main.storyboard */,
				C4392944231DBC6700B9AFF9 /* Assets.xcassets */,
				C4392946231DBC6700B9AFF9 /* LaunchScreen.storyboard */,
				C4392949231DBC6700B9AFF9 /* Info.plist */,
			);
			path = CarRepair;
			sourceTree = "<group>";
		};
		C4392951231DBC6700B9AFF9 /* CarRepairTests */ = {
			isa = PBXGroup;
			children = (
				C4392952231DBC6700B9AFF9 /* CarRepairTests.swift */,
				C4392954231DBC6700B9AFF9 /* Info.plist */,
			);
			path = CarRepairTests;
			sourceTree = "<group>";
		};
		C439295D231EFE5900B9AFF9 /* Features */ = {
			isa = PBXGroup;
			children = (
				C4392974231F171B00B9AFF9 /* API */,
				C4392969231EFFAA00B9AFF9 /* Model */,
				C439295E231EFE7700B9AFF9 /* Search */,
			);
			path = Features;
			sourceTree = "<group>";
		};
		C439295E231EFE7700B9AFF9 /* Search */ = {
			isa = PBXGroup;
			children = (
				C4392962231EFEB500B9AFF9 /* Controller */,
				C4392961231EFEAE00B9AFF9 /* DataProvider */,
				C4392965231EFEE800B9AFF9 /* Factory */,
				C4392964231EFEDD00B9AFF9 /* Presenter */,
				C4392963231EFECE00B9AFF9 /* UseCase */,
				C4392960231EFEA600B9AFF9 /* View */,
				C439295F231EFE9F00B9AFF9 /* ViewModel */,
			);
			path = Search;
			sourceTree = "<group>";
		};
		C439295F231EFE9F00B9AFF9 /* ViewModel */ = {
			isa = PBXGroup;
			children = (
			);
			path = ViewModel;
			sourceTree = "<group>";
		};
		C4392960231EFEA600B9AFF9 /* View */ = {
			isa = PBXGroup;
			children = (
			);
			path = View;
			sourceTree = "<group>";
		};
		C4392961231EFEAE00B9AFF9 /* DataProvider */ = {
			isa = PBXGroup;
			children = (
			);
			path = DataProvider;
			sourceTree = "<group>";
		};
		C4392962231EFEB500B9AFF9 /* Controller */ = {
			isa = PBXGroup;
			children = (
			);
			path = Controller;
			sourceTree = "<group>";
		};
		C4392963231EFECE00B9AFF9 /* UseCase */ = {
			isa = PBXGroup;
			children = (
			);
			path = UseCase;
			sourceTree = "<group>";
		};
		C4392964231EFEDD00B9AFF9 /* Presenter */ = {
			isa = PBXGroup;
			children = (
			);
			path = Presenter;
			sourceTree = "<group>";
		};
		C4392965231EFEE800B9AFF9 /* Factory */ = {
			isa = PBXGroup;
			children = (
			);
			path = Factory;
			sourceTree = "<group>";
		};
		C4392969231EFFAA00B9AFF9 /* Model */ = {
			isa = PBXGroup;
			children = (
				C439296A231F006B00B9AFF9 /* CarRepair.swift */,
				C439296C231F0B4700B9AFF9 /* Photo.swift */,
				C439296E231F0B6700B9AFF9 /* CarRepairResponse.swift */,
				C4392970231F0F9300B9AFF9 /* CarRepairDetail.swift */,
				C4392972231F108700B9AFF9 /* CarRepairDetailResponse.swift */,
			);
			path = Model;
			sourceTree = "<group>";
		};
		C4392974231F171B00B9AFF9 /* API */ = {
			isa = PBXGroup;
			children = (
				C4392982231F1B5100B9AFF9 /* Encoding */,
				C4392977231F185800B9AFF9 /* Enums */,
			);
			path = API;
			sourceTree = "<group>";
		};
		C4392977231F185800B9AFF9 /* Enums */ = {
			isa = PBXGroup;
			children = (
				C4392978231F187100B9AFF9 /* Error.swift */,
				C439297A231F189C00B9AFF9 /* Result.swift */,
				C439297C231F18E000B9AFF9 /* HTTPMethod.swift */,
				C439297E231F197C00B9AFF9 /* EndPointType.swift */,
				C4392980231F19AF00B9AFF9 /* HTTPTask.swift */,
			);
			path = Enums;
			sourceTree = "<group>";
		};
		C4392982231F1B5100B9AFF9 /* Encoding */ = {
			isa = PBXGroup;
			children = (
				C4392983231F1B6800B9AFF9 /* ParameterEncoding.swift */,
				C4392985231F1BDF00B9AFF9 /* URLParameterEncoder.swift */,
			);
			path = Encoding;
			sourceTree = "<group>";
		};
/* End PBXGroup section */

/* Begin PBXNativeTarget section */
		C4392939231DBC6600B9AFF9 /* CarRepair */ = {
			isa = PBXNativeTarget;
			buildConfigurationList = C4392957231DBC6700B9AFF9 /* Build configuration list for PBXNativeTarget "CarRepair" */;
			buildPhases = (
				C4392936231DBC6600B9AFF9 /* Sources */,
				C4392937231DBC6600B9AFF9 /* Frameworks */,
				C4392938231DBC6600B9AFF9 /* Resources */,
			);
			buildRules = (
			);
			dependencies = (
			);
			name = CarRepair;
			productName = CarRepair;
			productReference = C439293A231DBC6600B9AFF9 /* CarRepair.app */;
			productType = "com.apple.product-type.application";
		};
		C439294D231DBC6700B9AFF9 /* CarRepairTests */ = {
			isa = PBXNativeTarget;
			buildConfigurationList = C439295A231DBC6700B9AFF9 /* Build configuration list for PBXNativeTarget "CarRepairTests" */;
			buildPhases = (
				C439294A231DBC6700B9AFF9 /* Sources */,
				C439294B231DBC6700B9AFF9 /* Frameworks */,
				C439294C231DBC6700B9AFF9 /* Resources */,
			);
			buildRules = (
			);
			dependencies = (
				C4392950231DBC6700B9AFF9 /* PBXTargetDependency */,
			);
			name = CarRepairTests;
			productName = CarRepairTests;
			productReference = C439294E231DBC6700B9AFF9 /* CarRepairTests.xctest */;
			productType = "com.apple.product-type.bundle.unit-test";
		};
/* End PBXNativeTarget section */

/* Begin PBXProject section */
		C4392932231DBC6600B9AFF9 /* Project object */ = {
			isa = PBXProject;
			attributes = {
				LastSwiftUpdateCheck = 1010;
				LastUpgradeCheck = 1010;
				ORGANIZATIONNAME = mariana.alvarez;
				TargetAttributes = {
					C4392939231DBC6600B9AFF9 = {
						CreatedOnToolsVersion = 10.1;
					};
					C439294D231DBC6700B9AFF9 = {
						CreatedOnToolsVersion = 10.1;
						TestTargetID = C4392939231DBC6600B9AFF9;
					};
				};
			};
			buildConfigurationList = C4392935231DBC6600B9AFF9 /* Build configuration list for PBXProject "CarRepair" */;
			compatibilityVersion = "Xcode 9.3";
			developmentRegion = en;
			hasScannedForEncodings = 0;
			knownRegions = (
				en,
				Base,
			);
			mainGroup = C4392931231DBC6600B9AFF9;
			productRefGroup = C439293B231DBC6600B9AFF9 /* Products */;
			projectDirPath = "";
			projectRoot = "";
			targets = (
				C4392939231DBC6600B9AFF9 /* CarRepair */,
				C439294D231DBC6700B9AFF9 /* CarRepairTests */,
			);
		};
/* End PBXProject section */

/* Begin PBXResourcesBuildPhase section */
		C4392938231DBC6600B9AFF9 /* Resources */ = {
			isa = PBXResourcesBuildPhase;
			buildActionMask = 2147483647;
			files = (
				C4392948231DBC6700B9AFF9 /* LaunchScreen.storyboard in Resources */,
				C4392945231DBC6700B9AFF9 /* Assets.xcassets in Resources */,
				C4392943231DBC6600B9AFF9 /* Main.storyboard in Resources */,
			);
			runOnlyForDeploymentPostprocessing = 0;
		};
		C439294C231DBC6700B9AFF9 /* Resources */ = {
			isa = PBXResourcesBuildPhase;
			buildActionMask = 2147483647;
			files = (
			);
			runOnlyForDeploymentPostprocessing = 0;
		};
/* End PBXResourcesBuildPhase section */

/* Begin PBXSourcesBuildPhase section */
		C4392936231DBC6600B9AFF9 /* Sources */ = {
			isa = PBXSourcesBuildPhase;
			buildActionMask = 2147483647;
			files = (
				C4392981231F19AF00B9AFF9 /* HTTPTask.swift in Sources */,
				C439297B231F189C00B9AFF9 /* Result.swift in Sources */,
				C4392973231F108700B9AFF9 /* CarRepairDetailResponse.swift in Sources */,
				C439296F231F0B6700B9AFF9 /* CarRepairResponse.swift in Sources */,
				C4392986231F1BDF00B9AFF9 /* URLParameterEncoder.swift in Sources */,
				C4392979231F187100B9AFF9 /* Error.swift in Sources */,
				C439296D231F0B4700B9AFF9 /* Photo.swift in Sources */,
				C439297F231F197C00B9AFF9 /* EndPointType.swift in Sources */,
				C4392984231F1B6800B9AFF9 /* ParameterEncoding.swift in Sources */,
				C4392940231DBC6600B9AFF9 /* ViewController.swift in Sources */,
				C439293E231DBC6600B9AFF9 /* AppDelegate.swift in Sources */,
				C4392971231F0F9300B9AFF9 /* CarRepairDetail.swift in Sources */,
				C439297D231F18E000B9AFF9 /* HTTPMethod.swift in Sources */,
				C439296B231F006B00B9AFF9 /* CarRepair.swift in Sources */,
			);
			runOnlyForDeploymentPostprocessing = 0;
		};
		C439294A231DBC6700B9AFF9 /* Sources */ = {
			isa = PBXSourcesBuildPhase;
			buildActionMask = 2147483647;
			files = (
				C4392953231DBC6700B9AFF9 /* CarRepairTests.swift in Sources */,
			);
			runOnlyForDeploymentPostprocessing = 0;
		};
/* End PBXSourcesBuildPhase section */

/* Begin PBXTargetDependency section */
		C4392950231DBC6700B9AFF9 /* PBXTargetDependency */ = {
			isa = PBXTargetDependency;
			target = C4392939231DBC6600B9AFF9 /* CarRepair */;
			targetProxy = C439294F231DBC6700B9AFF9 /* PBXContainerItemProxy */;
		};
/* End PBXTargetDependency section */

/* Begin PBXVariantGroup section */
		C4392941231DBC6600B9AFF9 /* Main.storyboard */ = {
			isa = PBXVariantGroup;
			children = (
				C4392942231DBC6600B9AFF9 /* Base */,
			);
			name = Main.storyboard;
			sourceTree = "<group>";
		};
		C4392946231DBC6700B9AFF9 /* LaunchScreen.storyboard */ = {
			isa = PBXVariantGroup;
			children = (
				C4392947231DBC6700B9AFF9 /* Base */,
			);
			name = LaunchScreen.storyboard;
			sourceTree = "<group>";
		};
/* End PBXVariantGroup section */

/* Begin XCBuildConfiguration section */
		C4392955231DBC6700B9AFF9 /* Debug */ = {
			isa = XCBuildConfiguration;
			buildSettings = {
				ALWAYS_SEARCH_USER_PATHS = NO;
				CLANG_ANALYZER_NONNULL = YES;
				CLANG_ANALYZER_NUMBER_OBJECT_CONVERSION = YES_AGGRESSIVE;
				CLANG_CXX_LANGUAGE_STANDARD = "gnu++14";
				CLANG_CXX_LIBRARY = "libc++";
				CLANG_ENABLE_MODULES = YES;
				CLANG_ENABLE_OBJC_ARC = YES;
				CLANG_ENABLE_OBJC_WEAK = YES;
				CLANG_WARN_BLOCK_CAPTURE_AUTORELEASING = YES;
				CLANG_WARN_BOOL_CONVERSION = YES;
				CLANG_WARN_COMMA = YES;
				CLANG_WARN_CONSTANT_CONVERSION = YES;
				CLANG_WARN_DEPRECATED_OBJC_IMPLEMENTATIONS = YES;
				CLANG_WARN_DIRECT_OBJC_ISA_USAGE = YES_ERROR;
				CLANG_WARN_DOCUMENTATION_COMMENTS = YES;
				CLANG_WARN_EMPTY_BODY = YES;
				CLANG_WARN_ENUM_CONVERSION = YES;
				CLANG_WARN_INFINITE_RECURSION = YES;
				CLANG_WARN_INT_CONVERSION = YES;
				CLANG_WARN_NON_LITERAL_NULL_CONVERSION = YES;
				CLANG_WARN_OBJC_IMPLICIT_RETAIN_SELF = YES;
				CLANG_WARN_OBJC_LITERAL_CONVERSION = YES;
				CLANG_WARN_OBJC_ROOT_CLASS = YES_ERROR;
				CLANG_WARN_RANGE_LOOP_ANALYSIS = YES;
				CLANG_WARN_STRICT_PROTOTYPES = YES;
				CLANG_WARN_SUSPICIOUS_MOVE = YES;
				CLANG_WARN_UNGUARDED_AVAILABILITY = YES_AGGRESSIVE;
				CLANG_WARN_UNREACHABLE_CODE = YES;
				CLANG_WARN__DUPLICATE_METHOD_MATCH = YES;
				CODE_SIGN_IDENTITY = "iPhone Developer";
				COPY_PHASE_STRIP = NO;
				DEBUG_INFORMATION_FORMAT = dwarf;
				ENABLE_STRICT_OBJC_MSGSEND = YES;
				ENABLE_TESTABILITY = YES;
				GCC_C_LANGUAGE_STANDARD = gnu11;
				GCC_DYNAMIC_NO_PIC = NO;
				GCC_NO_COMMON_BLOCKS = YES;
				GCC_OPTIMIZATION_LEVEL = 0;
				GCC_PREPROCESSOR_DEFINITIONS = (
					"DEBUG=1",
					"$(inherited)",
				);
				GCC_WARN_64_TO_32_BIT_CONVERSION = YES;
				GCC_WARN_ABOUT_RETURN_TYPE = YES_ERROR;
				GCC_WARN_UNDECLARED_SELECTOR = YES;
				GCC_WARN_UNINITIALIZED_AUTOS = YES_AGGRESSIVE;
				GCC_WARN_UNUSED_FUNCTION = YES;
				GCC_WARN_UNUSED_VARIABLE = YES;
				IPHONEOS_DEPLOYMENT_TARGET = 12.1;
				MTL_ENABLE_DEBUG_INFO = INCLUDE_SOURCE;
				MTL_FAST_MATH = YES;
				ONLY_ACTIVE_ARCH = YES;
				SDKROOT = iphoneos;
				SWIFT_ACTIVE_COMPILATION_CONDITIONS = DEBUG;
				SWIFT_OPTIMIZATION_LEVEL = "-Onone";
			};
			name = Debug;
		};
		C4392956231DBC6700B9AFF9 /* Release */ = {
			isa = XCBuildConfiguration;
			buildSettings = {
				ALWAYS_SEARCH_USER_PATHS = NO;
				CLANG_ANALYZER_NONNULL = YES;
				CLANG_ANALYZER_NUMBER_OBJECT_CONVERSION = YES_AGGRESSIVE;
				CLANG_CXX_LANGUAGE_STANDARD = "gnu++14";
				CLANG_CXX_LIBRARY = "libc++";
				CLANG_ENABLE_MODULES = YES;
				CLANG_ENABLE_OBJC_ARC = YES;
				CLANG_ENABLE_OBJC_WEAK = YES;
				CLANG_WARN_BLOCK_CAPTURE_AUTORELEASING = YES;
				CLANG_WARN_BOOL_CONVERSION = YES;
				CLANG_WARN_COMMA = YES;
				CLANG_WARN_CONSTANT_CONVERSION = YES;
				CLANG_WARN_DEPRECATED_OBJC_IMPLEMENTATIONS = YES;
				CLANG_WARN_DIRECT_OBJC_ISA_USAGE = YES_ERROR;
				CLANG_WARN_DOCUMENTATION_COMMENTS = YES;
				CLANG_WARN_EMPTY_BODY = YES;
				CLANG_WARN_ENUM_CONVERSION = YES;
				CLANG_WARN_INFINITE_RECURSION = YES;
				CLANG_WARN_INT_CONVERSION = YES;
				CLANG_WARN_NON_LITERAL_NULL_CONVERSION = YES;
				CLANG_WARN_OBJC_IMPLICIT_RETAIN_SELF = YES;
				CLANG_WARN_OBJC_LITERAL_CONVERSION = YES;
				CLANG_WARN_OBJC_ROOT_CLASS = YES_ERROR;
				CLANG_WARN_RANGE_LOOP_ANALYSIS = YES;
				CLANG_WARN_STRICT_PROTOTYPES = YES;
				CLANG_WARN_SUSPICIOUS_MOVE = YES;
				CLANG_WARN_UNGUARDED_AVAILABILITY = YES_AGGRESSIVE;
				CLANG_WARN_UNREACHABLE_CODE = YES;
				CLANG_WARN__DUPLICATE_METHOD_MATCH = YES;
				CODE_SIGN_IDENTITY = "iPhone Developer";
				COPY_PHASE_STRIP = NO;
				DEBUG_INFORMATION_FORMAT = "dwarf-with-dsym";
				ENABLE_NS_ASSERTIONS = NO;
				ENABLE_STRICT_OBJC_MSGSEND = YES;
				GCC_C_LANGUAGE_STANDARD = gnu11;
				GCC_NO_COMMON_BLOCKS = YES;
				GCC_WARN_64_TO_32_BIT_CONVERSION = YES;
				GCC_WARN_ABOUT_RETURN_TYPE = YES_ERROR;
				GCC_WARN_UNDECLARED_SELECTOR = YES;
				GCC_WARN_UNINITIALIZED_AUTOS = YES_AGGRESSIVE;
				GCC_WARN_UNUSED_FUNCTION = YES;
				GCC_WARN_UNUSED_VARIABLE = YES;
				IPHONEOS_DEPLOYMENT_TARGET = 12.1;
				MTL_ENABLE_DEBUG_INFO = NO;
				MTL_FAST_MATH = YES;
				SDKROOT = iphoneos;
				SWIFT_COMPILATION_MODE = wholemodule;
				SWIFT_OPTIMIZATION_LEVEL = "-O";
				VALIDATE_PRODUCT = YES;
			};
			name = Release;
		};
		C4392958231DBC6700B9AFF9 /* Debug */ = {
			isa = XCBuildConfiguration;
			buildSettings = {
				ASSETCATALOG_COMPILER_APPICON_NAME = AppIcon;
				CODE_SIGN_STYLE = Automatic;
				DEVELOPMENT_TEAM = B6XLP82WW4;
				INFOPLIST_FILE = CarRepair/Info.plist;
				LD_RUNPATH_SEARCH_PATHS = (
					"$(inherited)",
					"@executable_path/Frameworks",
				);
				PRODUCT_BUNDLE_IDENTIFIER = com.mariana.CarRepair;
				PRODUCT_NAME = "$(TARGET_NAME)";
				SWIFT_VERSION = 4.2;
				TARGETED_DEVICE_FAMILY = "1,2";
			};
			name = Debug;
		};
		C4392959231DBC6700B9AFF9 /* Release */ = {
			isa = XCBuildConfiguration;
			buildSettings = {
				ASSETCATALOG_COMPILER_APPICON_NAME = AppIcon;
				CODE_SIGN_STYLE = Automatic;
				DEVELOPMENT_TEAM = B6XLP82WW4;
				INFOPLIST_FILE = CarRepair/Info.plist;
				LD_RUNPATH_SEARCH_PATHS = (
					"$(inherited)",
					"@executable_path/Frameworks",
				);
				PRODUCT_BUNDLE_IDENTIFIER = com.mariana.CarRepair;
				PRODUCT_NAME = "$(TARGET_NAME)";
				SWIFT_VERSION = 4.2;
				TARGETED_DEVICE_FAMILY = "1,2";
			};
			name = Release;
		};
		C439295B231DBC6700B9AFF9 /* Debug */ = {
			isa = XCBuildConfiguration;
			buildSettings = {
				ALWAYS_EMBED_SWIFT_STANDARD_LIBRARIES = YES;
				BUNDLE_LOADER = "$(TEST_HOST)";
				CODE_SIGN_STYLE = Automatic;
				DEVELOPMENT_TEAM = B6XLP82WW4;
				INFOPLIST_FILE = CarRepairTests/Info.plist;
				LD_RUNPATH_SEARCH_PATHS = (
					"$(inherited)",
					"@executable_path/Frameworks",
					"@loader_path/Frameworks",
				);
				PRODUCT_BUNDLE_IDENTIFIER = com.mariana.CarRepairTests;
				PRODUCT_NAME = "$(TARGET_NAME)";
				SWIFT_VERSION = 4.2;
				TARGETED_DEVICE_FAMILY = "1,2";
				TEST_HOST = "$(BUILT_PRODUCTS_DIR)/CarRepair.app/CarRepair";
			};
			name = Debug;
		};
		C439295C231DBC6700B9AFF9 /* Release */ = {
			isa = XCBuildConfiguration;
			buildSettings = {
				ALWAYS_EMBED_SWIFT_STANDARD_LIBRARIES = YES;
				BUNDLE_LOADER = "$(TEST_HOST)";
				CODE_SIGN_STYLE = Automatic;
				DEVELOPMENT_TEAM = B6XLP82WW4;
				INFOPLIST_FILE = CarRepairTests/Info.plist;
				LD_RUNPATH_SEARCH_PATHS = (
					"$(inherited)",
					"@executable_path/Frameworks",
					"@loader_path/Frameworks",
				);
				PRODUCT_BUNDLE_IDENTIFIER = com.mariana.CarRepairTests;
				PRODUCT_NAME = "$(TARGET_NAME)";
				SWIFT_VERSION = 4.2;
				TARGETED_DEVICE_FAMILY = "1,2";
				TEST_HOST = "$(BUILT_PRODUCTS_DIR)/CarRepair.app/CarRepair";
			};
			name = Release;
		};
/* End XCBuildConfiguration section */

/* Begin XCConfigurationList section */
		C4392935231DBC6600B9AFF9 /* Build configuration list for PBXProject "CarRepair" */ = {
			isa = XCConfigurationList;
			buildConfigurations = (
				C4392955231DBC6700B9AFF9 /* Debug */,
				C4392956231DBC6700B9AFF9 /* Release */,
			);
			defaultConfigurationIsVisible = 0;
			defaultConfigurationName = Release;
		};
		C4392957231DBC6700B9AFF9 /* Build configuration list for PBXNativeTarget "CarRepair" */ = {
			isa = XCConfigurationList;
			buildConfigurations = (
				C4392958231DBC6700B9AFF9 /* Debug */,
				C4392959231DBC6700B9AFF9 /* Release */,
			);
			defaultConfigurationIsVisible = 0;
			defaultConfigurationName = Release;
		};
		C439295A231DBC6700B9AFF9 /* Build configuration list for PBXNativeTarget "CarRepairTests" */ = {
			isa = XCConfigurationList;
			buildConfigurations = (
				C439295B231DBC6700B9AFF9 /* Debug */,
				C439295C231DBC6700B9AFF9 /* Release */,
			);
			defaultConfigurationIsVisible = 0;
			defaultConfigurationName = Release;
		};
/* End XCConfigurationList section */
	};
	rootObject = C4392932231DBC6600B9AFF9 /* Project object */;
}
